
Microsoft Visual Studio Solution File, Format Version 12.00
# Visual Studio Version 16
VisualStudioVersion = 16.0.31112.23
MinimumVisualStudioVersion = 10.0.40219.1
Project("{FAE04EC0-301F-11D3-BF4B-00C04F79EFBC}") = "D-01-Bag", "D-01-Bag.csproj", "{58B50ECB-4752-4FD0-BEF3-E7F5E849BC08}"
EndProject
Global
	GlobalSection(SolutionConfigurationPlatforms) = preSolution
		Debug|Any CPU = Debug|Any CPU
		Release|Any CPU = Release|Any CPU
	EndGlobalSection
	GlobalSection(ProjectConfigurationPlatforms) = postSolution
		{58B50ECB-4752-4FD0-BEF3-E7F5E849BC08}.Debug|Any CPU.ActiveCfg = Debug|Any CPU
		{58B50ECB-4752-4FD0-BEF3-E7F5E849BC08}.Debug|Any CPU.Build.0 = Debug|Any CPU
		{58B50ECB-4752-4FD0-BEF3-E7F5E849BC08}.Release|Any CPU.ActiveCfg = Release|Any CPU
		{58B50ECB-4752-4FD0-BEF3-E7F5E849BC08}.Release|Any CPU.Build.0 = Release|Any CPU
	EndGlobalSection
	GlobalSection(SolutionProperties) = preSolution
		HideSolutionNode = FALSE
	EndGlobalSection
	GlobalSection(ExtensibilityGlobals) = postSolution
		SolutionGuid = {4F6B7F60-9653-4E5D-A784-8A80C8A52803}
	EndGlobalSection
EndGlobal
